// !$*UTF8*$!
{
	archiveVersion = 1;
	classes = {
	};
	objectVersion = 50;
	objects = {

/* Begin PBXBuildFile section */
		249C22E6259922C000E08B90 /* AnimationsSwiftUIApp.swift in Sources */ = {isa = PBXBuildFile; fileRef = 249C22E5259922C000E08B90 /* AnimationsSwiftUIApp.swift */; };
		249C22E8259922C000E08B90 /* MainAnimationsView.swift in Sources */ = {isa = PBXBuildFile; fileRef = 249C22E7259922C000E08B90 /* MainAnimationsView.swift */; };
		249C22EA259922C300E08B90 /* Assets.xcassets in Resources */ = {isa = PBXBuildFile; fileRef = 249C22E9259922C300E08B90 /* Assets.xcassets */; };
		249C22ED259922C300E08B90 /* Preview Assets.xcassets in Resources */ = {isa = PBXBuildFile; fileRef = 249C22EC259922C300E08B90 /* Preview Assets.xcassets */; };
		249C22F82599244700E08B90 /* StarWarsTextView.swift in Sources */ = {isa = PBXBuildFile; fileRef = 249C22F72599244700E08B90 /* StarWarsTextView.swift */; };
/* End PBXBuildFile section */

/* Begin PBXFileReference section */
		249C22E2259922C000E08B90 /* AnimationsSwiftUI.app */ = {isa = PBXFileReference; explicitFileType = wrapper.application; includeInIndex = 0; path = AnimationsSwiftUI.app; sourceTree = BUILT_PRODUCTS_DIR; };
		249C22E5259922C000E08B90 /* AnimationsSwiftUIApp.swift */ = {isa = PBXFileReference; lastKnownFileType = sourcecode.swift; path = AnimationsSwiftUIApp.swift; sourceTree = "<group>"; };
		249C22E7259922C000E08B90 /* MainAnimationsView.swift */ = {isa = PBXFileReference; lastKnownFileType = sourcecode.swift; path = MainAnimationsView.swift; sourceTree = "<group>"; };
		249C22E9259922C300E08B90 /* Assets.xcassets */ = {isa = PBXFileReference; lastKnownFileType = folder.assetcatalog; path = Assets.xcassets; sourceTree = "<group>"; };
		249C22EC259922C300E08B90 /* Preview Assets.xcassets */ = {isa = PBXFileReference; lastKnownFileType = folder.assetcatalog; path = "Preview Assets.xcassets"; sourceTree = "<group>"; };
		249C22EE259922C300E08B90 /* Info.plist */ = {isa = PBXFileReference; lastKnownFileType = text.plist.xml; path = Info.plist; sourceTree = "<group>"; };
		249C22F72599244700E08B90 /* StarWarsTextView.swift */ = {isa = PBXFileReference; lastKnownFileType = sourcecode.swift; path = StarWarsTextView.swift; sourceTree = "<group>"; };
/* End PBXFileReference section */

/* Begin PBXFrameworksBuildPhase section */
		249C22DF259922C000E08B90 /* Frameworks */ = {
			isa = PBXFrameworksBuildPhase;
			buildActionMask = 2147483647;
			files = (
			);
			runOnlyForDeploymentPostprocessing = 0;
		};
/* End PBXFrameworksBuildPhase section */

/* Begin PBXGroup section */
		249C22D9259922BF00E08B90 = {
			isa = PBXGroup;
			children = (
				249C22E4259922C000E08B90 /* AnimationsSwiftUI */,
				249C22E3259922C000E08B90 /* Products */,
			);
			sourceTree = "<group>";
		};
		249C22E3259922C000E08B90 /* Products */ = {
			isa = PBXGroup;
			children = (
				249C22E2259922C000E08B90 /* AnimationsSwiftUI.app */,
			);
			name = Products;
			sourceTree = "<group>";
		};
		249C22E4259922C000E08B90 /* AnimationsSwiftUI */ = {
			isa = PBXGroup;
			children = (
				249C22F5259922D200E08B90 /* StarWarsTextAnimation */,
				249C22E5259922C000E08B90 /* AnimationsSwiftUIApp.swift */,
				249C22E7259922C000E08B90 /* MainAnimationsView.swift */,
				249C22E9259922C300E08B90 /* Assets.xcassets */,
				249C22EE259922C300E08B90 /* Info.plist */,
				249C22EB259922C300E08B90 /* Preview Content */,
			);
			path = AnimationsSwiftUI;
			sourceTree = "<group>";
		};
		249C22EB259922C300E08B90 /* Preview Content */ = {
			isa = PBXGroup;
			children = (
				249C22EC259922C300E08B90 /* Preview Assets.xcassets */,
			);
			path = "Preview Content";
			sourceTree = "<group>";
		};
		249C22F5259922D200E08B90 /* StarWarsTextAnimation */ = {
			isa = PBXGroup;
			children = (
				249C22F72599244700E08B90 /* StarWarsTextView.swift */,
			);
			path = StarWarsTextAnimation;
			sourceTree = "<group>";
		};
/* End PBXGroup section */

/* Begin PBXNativeTarget section */
		249C22E1259922C000E08B90 /* AnimationsSwiftUI */ = {
			isa = PBXNativeTarget;
			buildConfigurationList = 249C22F1259922C300E08B90 /* Build configuration list for PBXNativeTarget "AnimationsSwiftUI" */;
			buildPhases = (
				249C22DE259922C000E08B90 /* Sources */,
				249C22DF259922C000E08B90 /* Frameworks */,
				249C22E0259922C000E08B90 /* Resources */,
			);
			buildRules = (
			);
			dependencies = (
			);
			name = AnimationsSwiftUI;
			productName = AnimationsSwiftUI;
			productReference = 249C22E2259922C000E08B90 /* AnimationsSwiftUI.app */;
			productType = "com.apple.product-type.application";
		};
/* End PBXNativeTarget section */

/* Begin PBXProject section */
		249C22DA259922BF00E08B90 /* Project object */ = {
			isa = PBXProject;
			attributes = {
				LastSwiftUpdateCheck = 1230;
				LastUpgradeCheck = 1230;
				TargetAttributes = {
					249C22E1259922C000E08B90 = {
						CreatedOnToolsVersion = 12.3;
					};
				};
			};
			buildConfigurationList = 249C22DD259922C000E08B90 /* Build configuration list for PBXProject "AnimationsSwiftUI" */;
			compatibilityVersion = "Xcode 9.3";
			developmentRegion = en;
			hasScannedForEncodings = 0;
			knownRegions = (
				en,
				Base,
			);
			mainGroup = 249C22D9259922BF00E08B90;
			productRefGroup = 249C22E3259922C000E08B90 /* Products */;
			projectDirPath = "";
			projectRoot = "";
			targets = (
				249C22E1259922C000E08B90 /* AnimationsSwiftUI */,
			);
		};
/* End PBXProject section */

/* Begin PBXResourcesBuildPhase section */
		249C22E0259922C000E08B90 /* Resources */ = {
			isa = PBXResourcesBuildPhase;
			buildActionMask = 2147483647;
			files = (
				249C22ED259922C300E08B90 /* Preview Assets.xcassets in Resources */,
				249C22EA259922C300E08B90 /* Assets.xcassets in Resources */,
			);
			runOnlyForDeploymentPostprocessing = 0;
		};
/* End PBXResourcesBuildPhase section */

/* Begin PBXSourcesBuildPhase section */
		249C22DE259922C000E08B90 /* Sources */ = {
			isa = PBXSourcesBuildPhase;
			buildActionMask = 2147483647;
			files = (
				249C22F82599244700E08B90 /* StarWarsTextView.swift in Sources */,
				249C22E8259922C000E08B90 /* MainAnimationsView.swift in Sources */,
				249C22E6259922C000E08B90 /* AnimationsSwiftUIApp.swift in Sources */,
			);
			runOnlyForDeploymentPostprocessing = 0;
		};
/* End PBXSourcesBuildPhase section */

/* Begin XCBuildConfiguration section */
		249C22EF259922C300E08B90 /* Debug */ = {
			isa = XCBuildConfiguration;
			buildSettings = {
				ALWAYS_SEARCH_USER_PATHS = NO;
				CLANG_ANALYZER_NONNULL = YES;
				CLANG_ANALYZER_NUMBER_OBJECT_CONVERSION = YES_AGGRESSIVE;
				CLANG_CXX_LANGUAGE_STANDARD = "gnu++14";
				CLANG_CXX_LIBRARY = "libc++";
				CLANG_ENABLE_MODULES = YES;
				CLANG_ENABLE_OBJC_ARC = YES;
				CLANG_ENABLE_OBJC_WEAK = YES;
				CLANG_WARN_BLOCK_CAPTURE_AUTORELEASING = YES;
				CLANG_WARN_BOOL_CONVERSION = YES;
				CLANG_WARN_COMMA = YES;
				CLANG_WARN_CONSTANT_CONVERSION = YES;
				CLANG_WARN_DEPRECATED_OBJC_IMPLEMENTATIONS = YES;
				CLANG_WARN_DIRECT_OBJC_ISA_USAGE = YES_ERROR;
				CLANG_WARN_DOCUMENTATION_COMMENTS = YES;
				CLANG_WARN_EMPTY_BODY = YES;
				CLANG_WARN_ENUM_CONVERSION = YES;
				CLANG_WARN_INFINITE_RECURSION = YES;
				CLANG_WARN_INT_CONVERSION = YES;
				CLANG_WARN_NON_LITERAL_NULL_CONVERSION = YES;
				CLANG_WARN_OBJC_IMPLICIT_RETAIN_SELF = YES;
				CLANG_WARN_OBJC_LITERAL_CONVERSION = YES;
				CLANG_WARN_OBJC_ROOT_CLASS = YES_ERROR;
				CLANG_WARN_QUOTED_INCLUDE_IN_FRAMEWORK_HEADER = YES;
				CLANG_WARN_RANGE_LOOP_ANALYSIS = YES;
				CLANG_WARN_STRICT_PROTOTYPES = YES;
				CLANG_WARN_SUSPICIOUS_MOVE = YES;
				CLANG_WARN_UNGUARDED_AVAILABILITY = YES_AGGRESSIVE;
				CLANG_WARN_UNREACHABLE_CODE = YES;
				CLANG_WARN__DUPLICATE_METHOD_MATCH = YES;
				COPY_PHASE_STRIP = NO;
				DEBUG_INFORMATION_FORMAT = dwarf;
				ENABLE_STRICT_OBJC_MSGSEND = YES;
				ENABLE_TESTABILITY = YES;
				GCC_C_LANGUAGE_STANDARD = gnu11;
				GCC_DYNAMIC_NO_PIC = NO;
				GCC_NO_COMMON_BLOCKS = YES;
				GCC_OPTIMIZATION_LEVEL = 0;
				GCC_PREPROCESSOR_DEFINITIONS = (
					"DEBUG=1",
					"$(inherited)",
				);
				GCC_WARN_64_TO_32_BIT_CONVERSION = YES;
				GCC_WARN_ABOUT_RETURN_TYPE = YES_ERROR;
				GCC_WARN_UNDECLARED_SELECTOR = YES;
				GCC_WARN_UNINITIALIZED_AUTOS = YES_AGGRESSIVE;
				GCC_WARN_UNUSED_FUNCTION = YES;
				GCC_WARN_UNUSED_VARIABLE = YES;
				IPHONEOS_DEPLOYMENT_TARGET = 14.3;
				MTL_ENABLE_DEBUG_INFO = INCLUDE_SOURCE;
				MTL_FAST_MATH = YES;
				ONLY_ACTIVE_ARCH = YES;
				SDKROOT = iphoneos;
				SWIFT_ACTIVE_COMPILATION_CONDITIONS = DEBUG;
				SWIFT_OPTIMIZATION_LEVEL = "-Onone";
			};
			name = Debug;
		};
		249C22F0259922C300E08B90 /* Release */ = {
			isa = XCBuildConfiguration;
			buildSettings = {
				ALWAYS_SEARCH_USER_PATHS = NO;
				CLANG_ANALYZER_NONNULL = YES;
				CLANG_ANALYZER_NUMBER_OBJECT_CONVERSION = YES_AGGRESSIVE;
				CLANG_CXX_LANGUAGE_STANDARD = "gnu++14";
				CLANG_CXX_LIBRARY = "libc++";
				CLANG_ENABLE_MODULES = YES;
				CLANG_ENABLE_OBJC_ARC = YES;
				CLANG_ENABLE_OBJC_WEAK = YES;
				CLANG_WARN_BLOCK_CAPTURE_AUTORELEASING = YES;
				CLANG_WARN_BOOL_CONVERSION = YES;
				CLANG_WARN_COMMA = YES;
				CLANG_WARN_CONSTANT_CONVERSION = YES;
				CLANG_WARN_DEPRECATED_OBJC_IMPLEMENTATIONS = YES;
				CLANG_WARN_DIRECT_OBJC_ISA_USAGE = YES_ERROR;
				CLANG_WARN_DOCUMENTATION_COMMENTS = YES;
				CLANG_WARN_EMPTY_BODY = YES;
				CLANG_WARN_ENUM_CONVERSION = YES;
				CLANG_WARN_INFINITE_RECURSION = YES;
				CLANG_WARN_INT_CONVERSION = YES;
				CLANG_WARN_NON_LITERAL_NULL_CONVERSION = YES;
				CLANG_WARN_OBJC_IMPLICIT_RETAIN_SELF = YES;
				CLANG_WARN_OBJC_LITERAL_CONVERSION = YES;
				CLANG_WARN_OBJC_ROOT_CLASS = YES_ERROR;
				CLANG_WARN_QUOTED_INCLUDE_IN_FRAMEWORK_HEADER = YES;
				CLANG_WARN_RANGE_LOOP_ANALYSIS = YES;
				CLANG_WARN_STRICT_PROTOTYPES = YES;
				CLANG_WARN_SUSPICIOUS_MOVE = YES;
				CLANG_WARN_UNGUARDED_AVAILABILITY = YES_AGGRESSIVE;
				CLANG_WARN_UNREACHABLE_CODE = YES;
				CLANG_WARN__DUPLICATE_METHOD_MATCH = YES;
				COPY_PHASE_STRIP = NO;
				DEBUG_INFORMATION_FORMAT = "dwarf-with-dsym";
				ENABLE_NS_ASSERTIONS = NO;
				ENABLE_STRICT_OBJC_MSGSEND = YES;
				GCC_C_LANGUAGE_STANDARD = gnu11;
				GCC_NO_COMMON_BLOCKS = YES;
				GCC_WARN_64_TO_32_BIT_CONVERSION = YES;
				GCC_WARN_ABOUT_RETURN_TYPE = YES_ERROR;
				GCC_WARN_UNDECLARED_SELECTOR = YES;
				GCC_WARN_UNINITIALIZED_AUTOS = YES_AGGRESSIVE;
				GCC_WARN_UNUSED_FUNCTION = YES;
				GCC_WARN_UNUSED_VARIABLE = YES;
				IPHONEOS_DEPLOYMENT_TARGET = 14.3;
				MTL_ENABLE_DEBUG_INFO = NO;
				MTL_FAST_MATH = YES;
				SDKROOT = iphoneos;
				SWIFT_COMPILATION_MODE = wholemodule;
				SWIFT_OPTIMIZATION_LEVEL = "-O";
				VALIDATE_PRODUCT = YES;
			};
			name = Release;
		};
		249C22F2259922C300E08B90 /* Debug */ = {
			isa = XCBuildConfiguration;
			buildSettings = {
				ASSETCATALOG_COMPILER_APPICON_NAME = AppIcon;
				ASSETCATALOG_COMPILER_GLOBAL_ACCENT_COLOR_NAME = AccentColor;
				CODE_SIGN_STYLE = Automatic;
				DEVELOPMENT_ASSET_PATHS = "\"AnimationsSwiftUI/Preview Content\"";
				DEVELOPMENT_TEAM = G98982NGJ8;
				ENABLE_PREVIEWS = YES;
				INFOPLIST_FILE = AnimationsSwiftUI/Info.plist;
				IPHONEOS_DEPLOYMENT_TARGET = 14.0;
				LD_RUNPATH_SEARCH_PATHS = (
					"$(inherited)",
					"@executable_path/Frameworks",
				);
				PRODUCT_BUNDLE_IDENTIFIER = com.Danil.AnimationsSwiftUI;
				PRODUCT_NAME = "$(TARGET_NAME)";
				SWIFT_VERSION = 5.0;
				TARGETED_DEVICE_FAMILY = "1,2";
			};
			name = Debug;
		};
		249C22F3259922C300E08B90 /* Release */ = {
			isa = XCBuildConfiguration;
			buildSettings = {
				ASSETCATALOG_COMPILER_APPICON_NAME = AppIcon;
				ASSETCATALOG_COMPILER_GLOBAL_ACCENT_COLOR_NAME = AccentColor;
				CODE_SIGN_STYLE = Automatic;
				DEVELOPMENT_ASSET_PATHS = "\"AnimationsSwiftUI/Preview Content\"";
				DEVELOPMENT_TEAM = G98982NGJ8;
				ENABLE_PREVIEWS = YES;
				INFOPLIST_FILE = AnimationsSwiftUI/Info.plist;
				IPHONEOS_DEPLOYMENT_TARGET = 14.0;
				LD_RUNPATH_SEARCH_PATHS = (
					"$(inherited)",
					"@executable_path/Frameworks",
				);
				PRODUCT_BUNDLE_IDENTIFIER = com.Danil.AnimationsSwiftUI;
				PRODUCT_NAME = "$(TARGET_NAME)";
				SWIFT_VERSION = 5.0;
				TARGETED_DEVICE_FAMILY = "1,2";
			};
			name = Release;
		};
/* End XCBuildConfiguration section */

/* Begin XCConfigurationList section */
		249C22DD259922C000E08B90 /* Build configuration list for PBXProject "AnimationsSwiftUI" */ = {
			isa = XCConfigurationList;
			buildConfigurations = (
				249C22EF259922C300E08B90 /* Debug */,
				249C22F0259922C300E08B90 /* Release */,
			);
			defaultConfigurationIsVisible = 0;
			defaultConfigurationName = Release;
		};
		249C22F1259922C300E08B90 /* Build configuration list for PBXNativeTarget "AnimationsSwiftUI" */ = {
			isa = XCConfigurationList;
			buildConfigurations = (
				249C22F2259922C300E08B90 /* Debug */,
				249C22F3259922C300E08B90 /* Release */,
			);
			defaultConfigurationIsVisible = 0;
			defaultConfigurationName = Release;
		};
/* End XCConfigurationList section */
	};
	rootObject = 249C22DA259922BF00E08B90 /* Project object */;
}
